# This file is automatically @generated by Cargo.
# It is not intended for manual editing.
version = 3

[[package]]
name = "higher-order-closure"
version = "0.0.5"

[[package]]
name = "lending-iterator"
version = "0.1.0-rc1"
dependencies = [
 "higher-order-closure",
 "macro_rules_attribute 0.1.1",
 "nougat",
 "polonius-the-crab",
]

[[package]]
name = "macro_rules_attribute"
version = "0.1.1"
dependencies = [
 "macro_rules_attribute-proc_macro 0.1.1",
 "paste",
]

[[package]]
name = "macro_rules_attribute"
version = "0.1.1"
source = "registry+https://github.com/rust-lang/crates.io-index"
checksum = "422a6e082b3d33461030d68a243af2482eefded078eaaf8ac401777d21cae32b"
dependencies = [
 "macro_rules_attribute-proc_macro 0.1.1 (registry+https://github.com/rust-lang/crates.io-index)",
 "paste",
]

[[package]]
name = "macro_rules_attribute-proc_macro"
version = "0.1.1"

[[package]]
name = "macro_rules_attribute-proc_macro"
version = "0.1.1"
source = "registry+https://github.com/rust-lang/crates.io-index"
checksum = "bb4091d2e7f515b3a7ae8dda39417cd2b81d5c8814f68361c3e15b24e2d40b4a"

[[package]]
name = "nougat"
version = "0.2.0-rc1"
dependencies = [
 "macro_rules_attribute 0.1.1 (registry+https://github.com/rust-lang/crates.io-index)",
 "nougat-proc_macros",
]

[[package]]
name = "nougat-proc_macros"
version = "0.2.0-rc1"
dependencies = [
 "proc-macro2",
 "quote",
 "syn",
]

[[package]]
name = "paste"
version = "1.0.7"
source = "registry+https://github.com/rust-lang/crates.io-index"
checksum = "0c520e05135d6e763148b6426a837e239041653ba7becd2e538c076c738025fc"

[[package]]
name = "polonius-the-crab"
version = "0.2.2-rc1"

[[package]]
name = "proc-macro2"
version = "1.0.39"
source = "registry+https://github.com/rust-lang/crates.io-index"
checksum = "c54b25569025b7fc9651de43004ae593a75ad88543b17178aa5e1b9c4f15f56f"
dependencies = [
 "unicode-ident",
]

[[package]]
name = "quote"
version = "1.0.18"
source = "registry+https://github.com/rust-lang/crates.io-index"
checksum = "a1feb54ed693b93a84e14094943b84b7c4eae204c512b7ccb95ab0c66d278ad1"
dependencies = [
 "proc-macro2",
]

[[package]]
name = "syn"
version = "1.0.95"
source = "registry+https://github.com/rust-lang/crates.io-index"
checksum = "fbaf6116ab8924f39d52792136fb74fd60a80194cf1b1c6ffa6453eef1c3f942"
dependencies = [
 "proc-macro2",
 "quote",
 "unicode-ident",
]

[[package]]
name = "unicode-ident"
version = "1.0.0"
source = "registry+https://github.com/rust-lang/crates.io-index"
checksum = "d22af068fba1eb5edcb4aea19d382b2a3deb4c8f9d475c589b6ada9e0fd493ee"
