# This file is automatically @generated by Cargo.
# It is not intended for manual editing.
version = 3

[[package]]
name = "higher-order-closure"
version = "0.0.5"
source = "registry+https://github.com/rust-lang/crates.io-index"
checksum = "8c450d87a307c754cbd7718dfca84b8904e313157191fae5b249d37aab216c89"

[[package]]
name = "lending-iterator"
version = "0.1.0-rc1"
dependencies = [
 "higher-order-closure",
 "lending-iterator-proc_macros",
 "macro_rules_attribute",
 "never-say-never",
 "nougat",
 "paste",
 "polonius-the-crab",
]

[[package]]
name = "lending-iterator-proc_macros"
version = "0.1.0-rc1"
dependencies = [
 "proc-macro2",
 "quote",
 "syn",
]

[[package]]
name = "macro_rules_attribute"
version = "0.1.2"
source = "registry+https://github.com/rust-lang/crates.io-index"
checksum = "258c86475e1616d6f2d8f5227cfaabd3dae1f6d5388b9597df8a199d4497aba7"
dependencies = [
 "macro_rules_attribute-proc_macro",
 "paste",
]

[[package]]
name = "macro_rules_attribute-proc_macro"
version = "0.1.2"
source = "registry+https://github.com/rust-lang/crates.io-index"
checksum = "f26a8d2502d5aa4d411ef494ba7470eb299f05725179ce3b5de77aa01a9ffdea"

[[package]]
name = "never-say-never"
version = "6.6.666"
source = "registry+https://github.com/rust-lang/crates.io-index"
checksum = "cf5a574dadd7941adeaa71823ecba5e28331b8313fb2e1c6a5c7e5981ea53ad6"

[[package]]
name = "nougat"
version = "0.2.0-rc2"
source = "registry+https://github.com/rust-lang/crates.io-index"
checksum = "6d0a5f8509b48958c7312cbd83bed0132b98c3fdc8c65a2571e8cd6086bb64f6"
dependencies = [
 "macro_rules_attribute",
 "nougat-proc_macros",
]

[[package]]
name = "nougat-proc_macros"
version = "0.2.0-rc2"
source = "registry+https://github.com/rust-lang/crates.io-index"
checksum = "6698c3c28dfd541a4477d0d642f5eb15eabac1f2f320c04055f12fe9e44e1e4e"
dependencies = [
 "proc-macro2",
 "quote",
 "syn",
]

[[package]]
name = "paste"
version = "1.0.7"
source = "registry+https://github.com/rust-lang/crates.io-index"
checksum = "0c520e05135d6e763148b6426a837e239041653ba7becd2e538c076c738025fc"

[[package]]
name = "polonius-the-crab"
version = "0.2.1"
source = "registry+https://github.com/rust-lang/crates.io-index"
checksum = "c2a69ee997a6282f8462abf1e0d8c38c965e968799e912b3bed8c9e8a28c2f9f"

[[package]]
name = "proc-macro2"
version = "1.0.39"
source = "registry+https://github.com/rust-lang/crates.io-index"
checksum = "c54b25569025b7fc9651de43004ae593a75ad88543b17178aa5e1b9c4f15f56f"
dependencies = [
 "unicode-ident",
]

[[package]]
name = "quote"
version = "1.0.18"
source = "registry+https://github.com/rust-lang/crates.io-index"
checksum = "a1feb54ed693b93a84e14094943b84b7c4eae204c512b7ccb95ab0c66d278ad1"
dependencies = [
 "proc-macro2",
]

[[package]]
name = "syn"
version = "1.0.95"
source = "registry+https://github.com/rust-lang/crates.io-index"
checksum = "fbaf6116ab8924f39d52792136fb74fd60a80194cf1b1c6ffa6453eef1c3f942"
dependencies = [
 "proc-macro2",
 "quote",
 "unicode-ident",
]

[[package]]
name = "unicode-ident"
version = "1.0.0"
source = "registry+https://github.com/rust-lang/crates.io-index"
checksum = "d22af068fba1eb5edcb4aea19d382b2a3deb4c8f9d475c589b6ada9e0fd493ee"
